
Microsoft Visual Studio Solution File, Format Version 12.00
# Visual Studio Version 17
VisualStudioVersion = 17.7.34024.191
MinimumVisualStudioVersion = 10.0.40219.1
Project("{FAE04EC0-301F-11D3-BF4B-00C04F79EFBC}") = "Windows Unattended Assistant", "Windows Unattended Assistant.csproj", "{5CFA2DD0-8006-4418-885E-D5B1AB84619A}"
EndProject
Global
	GlobalSection(SolutionConfigurationPlatforms) = preSolution
		Debug|Any CPU = Debug|Any CPU
		Release|Any CPU = Release|Any CPU
	EndGlobalSection
	GlobalSection(ProjectConfigurationPlatforms) = postSolution
		{5CFA2DD0-8006-4418-885E-D5B1AB84619A}.Debug|Any CPU.ActiveCfg = Debug|Any CPU
		{5CFA2DD0-8006-4418-885E-D5B1AB84619A}.Debug|Any CPU.Build.0 = Debug|Any CPU
		{5CFA2DD0-8006-4418-885E-D5B1AB84619A}.Release|Any CPU.ActiveCfg = Release|Any CPU
		{5CFA2DD0-8006-4418-885E-D5B1AB84619A}.Release|Any CPU.Build.0 = Release|Any CPU
	EndGlobalSection
	GlobalSection(SolutionProperties) = preSolution
		HideSolutionNode = FALSE
	EndGlobalSection
	GlobalSection(ExtensibilityGlobals) = postSolution
		SolutionGuid = {8E91F3A6-7C90-459F-998E-ED6B1D2C6E46}
	EndGlobalSection
EndGlobal
